
Microsoft Visual Studio Solution File, Format Version 12.00
# Visual Studio Version 17
VisualStudioVersion = 17.12.35728.132
MinimumVisualStudioVersion = 10.0.40219.1
Project("{FAE04EC0-301F-11D3-BF4B-00C04F79EFBC}") = "WebApplication3", "WebApplication3.csproj", "{656A8239-E469-4149-9DD6-0B9C370B5E90}"
EndProject
Project("{FAE04EC0-301F-11D3-BF4B-00C04F79EFBC}") = "WebApplication6", "..\WebApplication6\WebApplication6.csproj", "{F79492BC-058E-4AE6-9D23-DE911CFC204E}"
EndProject
Global
	GlobalSection(SolutionConfigurationPlatforms) = preSolution
		Debug|Any CPU = Debug|Any CPU
		Release|Any CPU = Release|Any CPU
	EndGlobalSection
	GlobalSection(ProjectConfigurationPlatforms) = postSolution
		{656A8239-E469-4149-9DD6-0B9C370B5E90}.Debug|Any CPU.ActiveCfg = Debug|Any CPU
		{656A8239-E469-4149-9DD6-0B9C370B5E90}.Debug|Any CPU.Build.0 = Debug|Any CPU
		{656A8239-E469-4149-9DD6-0B9C370B5E90}.Release|Any CPU.ActiveCfg = Release|Any CPU
		{656A8239-E469-4149-9DD6-0B9C370B5E90}.Release|Any CPU.Build.0 = Release|Any CPU
		{F79492BC-058E-4AE6-9D23-DE911CFC204E}.Debug|Any CPU.ActiveCfg = Debug|Any CPU
		{F79492BC-058E-4AE6-9D23-DE911CFC204E}.Debug|Any CPU.Build.0 = Debug|Any CPU
		{F79492BC-058E-4AE6-9D23-DE911CFC204E}.Release|Any CPU.ActiveCfg = Release|Any CPU
		{F79492BC-058E-4AE6-9D23-DE911CFC204E}.Release|Any CPU.Build.0 = Release|Any CPU
	EndGlobalSection
	GlobalSection(SolutionProperties) = preSolution
		HideSolutionNode = FALSE
	EndGlobalSection
	GlobalSection(ExtensibilityGlobals) = postSolution
		SolutionGuid = {920EDB36-51D9-47DE-8841-0673A008F374}
	EndGlobalSection
EndGlobal
